
Microsoft Visual Studio Solution File, Format Version 12.00
# Visual Studio Version 17
VisualStudioVersion = 17.0.31903.59
MinimumVisualStudioVersion = 10.0.40219.1
Project("{2150E333-8FDC-42A3-9474-1A3956D46DE8}") = "src", "src", "{827E0CD3-B72D-47B6-A68D-7590B98EB39B}"
EndProject
Project("{F2A71F9B-5D33-465A-A702-920D77279786}") = "MPCcore", "src\MPCcore\MPCcore.fsproj", "{9277C1CC-6498-4E53-B274-E033E0088934}"
EndProject
Project("{F2A71F9B-5D33-465A-A702-920D77279786}") = "protocols", "src\protocols\protocols.fsproj", "{4F5105F6-404E-4468-A622-B24CF1A291F5}"
EndProject
Project("{F2A71F9B-5D33-465A-A702-920D77279786}") = "sim", "src\sim\sim.fsproj", "{ADD11446-F7E3-4B82-A2DB-0366FC833969}"
EndProject
Project("{F2A71F9B-5D33-465A-A702-920D77279786}") = "app", "src\app\app.fsproj", "{141A291A-B22B-4DDC-90C6-095BEB42F807}"
EndProject
Project("{F2A71F9B-5D33-465A-A702-920D77279786}") = "experiments", "src\experiments\experiments.fsproj", "{6C5FE71B-1F85-43CF-9A6A-203F9FF94EA4}"
EndProject
Global
	GlobalSection(SolutionConfigurationPlatforms) = preSolution
		Debug|Any CPU = Debug|Any CPU
		Debug|x64 = Debug|x64
		Debug|x86 = Debug|x86
		Release|Any CPU = Release|Any CPU
		Release|x64 = Release|x64
		Release|x86 = Release|x86
	EndGlobalSection
	GlobalSection(ProjectConfigurationPlatforms) = postSolution
		{9277C1CC-6498-4E53-B274-E033E0088934}.Debug|Any CPU.ActiveCfg = Debug|Any CPU
		{9277C1CC-6498-4E53-B274-E033E0088934}.Debug|Any CPU.Build.0 = Debug|Any CPU
		{9277C1CC-6498-4E53-B274-E033E0088934}.Debug|x64.ActiveCfg = Debug|Any CPU
		{9277C1CC-6498-4E53-B274-E033E0088934}.Debug|x64.Build.0 = Debug|Any CPU
		{9277C1CC-6498-4E53-B274-E033E0088934}.Debug|x86.ActiveCfg = Debug|Any CPU
		{9277C1CC-6498-4E53-B274-E033E0088934}.Debug|x86.Build.0 = Debug|Any CPU
		{9277C1CC-6498-4E53-B274-E033E0088934}.Release|Any CPU.ActiveCfg = Release|Any CPU
		{9277C1CC-6498-4E53-B274-E033E0088934}.Release|Any CPU.Build.0 = Release|Any CPU
		{9277C1CC-6498-4E53-B274-E033E0088934}.Release|x64.ActiveCfg = Release|Any CPU
		{9277C1CC-6498-4E53-B274-E033E0088934}.Release|x64.Build.0 = Release|Any CPU
		{9277C1CC-6498-4E53-B274-E033E0088934}.Release|x86.ActiveCfg = Release|Any CPU
		{9277C1CC-6498-4E53-B274-E033E0088934}.Release|x86.Build.0 = Release|Any CPU
		{4F5105F6-404E-4468-A622-B24CF1A291F5}.Debug|Any CPU.ActiveCfg = Debug|Any CPU
		{4F5105F6-404E-4468-A622-B24CF1A291F5}.Debug|Any CPU.Build.0 = Debug|Any CPU
		{4F5105F6-404E-4468-A622-B24CF1A291F5}.Debug|x64.ActiveCfg = Debug|Any CPU
		{4F5105F6-404E-4468-A622-B24CF1A291F5}.Debug|x64.Build.0 = Debug|Any CPU
		{4F5105F6-404E-4468-A622-B24CF1A291F5}.Debug|x86.ActiveCfg = Debug|Any CPU
		{4F5105F6-404E-4468-A622-B24CF1A291F5}.Debug|x86.Build.0 = Debug|Any CPU
		{4F5105F6-404E-4468-A622-B24CF1A291F5}.Release|Any CPU.ActiveCfg = Release|Any CPU
		{4F5105F6-404E-4468-A622-B24CF1A291F5}.Release|Any CPU.Build.0 = Release|Any CPU
		{4F5105F6-404E-4468-A622-B24CF1A291F5}.Release|x64.ActiveCfg = Release|Any CPU
		{4F5105F6-404E-4468-A622-B24CF1A291F5}.Release|x64.Build.0 = Release|Any CPU
		{4F5105F6-404E-4468-A622-B24CF1A291F5}.Release|x86.ActiveCfg = Release|Any CPU
		{4F5105F6-404E-4468-A622-B24CF1A291F5}.Release|x86.Build.0 = Release|Any CPU
		{ADD11446-F7E3-4B82-A2DB-0366FC833969}.Debug|Any CPU.ActiveCfg = Debug|Any CPU
		{ADD11446-F7E3-4B82-A2DB-0366FC833969}.Debug|Any CPU.Build.0 = Debug|Any CPU
		{ADD11446-F7E3-4B82-A2DB-0366FC833969}.Debug|x64.ActiveCfg = Debug|Any CPU
		{ADD11446-F7E3-4B82-A2DB-0366FC833969}.Debug|x64.Build.0 = Debug|Any CPU
		{ADD11446-F7E3-4B82-A2DB-0366FC833969}.Debug|x86.ActiveCfg = Debug|Any CPU
		{ADD11446-F7E3-4B82-A2DB-0366FC833969}.Debug|x86.Build.0 = Debug|Any CPU
		{ADD11446-F7E3-4B82-A2DB-0366FC833969}.Release|Any CPU.ActiveCfg = Release|Any CPU
		{ADD11446-F7E3-4B82-A2DB-0366FC833969}.Release|Any CPU.Build.0 = Release|Any CPU
		{ADD11446-F7E3-4B82-A2DB-0366FC833969}.Release|x64.ActiveCfg = Release|Any CPU
		{ADD11446-F7E3-4B82-A2DB-0366FC833969}.Release|x64.Build.0 = Release|Any CPU
		{ADD11446-F7E3-4B82-A2DB-0366FC833969}.Release|x86.ActiveCfg = Release|Any CPU
		{ADD11446-F7E3-4B82-A2DB-0366FC833969}.Release|x86.Build.0 = Release|Any CPU
		{141A291A-B22B-4DDC-90C6-095BEB42F807}.Debug|Any CPU.ActiveCfg = Debug|Any CPU
		{141A291A-B22B-4DDC-90C6-095BEB42F807}.Debug|Any CPU.Build.0 = Debug|Any CPU
		{141A291A-B22B-4DDC-90C6-095BEB42F807}.Debug|x64.ActiveCfg = Debug|Any CPU
		{141A291A-B22B-4DDC-90C6-095BEB42F807}.Debug|x64.Build.0 = Debug|Any CPU
		{141A291A-B22B-4DDC-90C6-095BEB42F807}.Debug|x86.ActiveCfg = Debug|Any CPU
		{141A291A-B22B-4DDC-90C6-095BEB42F807}.Debug|x86.Build.0 = Debug|Any CPU
		{141A291A-B22B-4DDC-90C6-095BEB42F807}.Release|Any CPU.ActiveCfg = Release|Any CPU
		{141A291A-B22B-4DDC-90C6-095BEB42F807}.Release|Any CPU.Build.0 = Release|Any CPU
		{141A291A-B22B-4DDC-90C6-095BEB42F807}.Release|x64.ActiveCfg = Release|Any CPU
		{141A291A-B22B-4DDC-90C6-095BEB42F807}.Release|x64.Build.0 = Release|Any CPU
		{141A291A-B22B-4DDC-90C6-095BEB42F807}.Release|x86.ActiveCfg = Release|Any CPU
		{141A291A-B22B-4DDC-90C6-095BEB42F807}.Release|x86.Build.0 = Release|Any CPU
		{6C5FE71B-1F85-43CF-9A6A-203F9FF94EA4}.Debug|Any CPU.ActiveCfg = Debug|Any CPU
		{6C5FE71B-1F85-43CF-9A6A-203F9FF94EA4}.Debug|Any CPU.Build.0 = Debug|Any CPU
		{6C5FE71B-1F85-43CF-9A6A-203F9FF94EA4}.Debug|x64.ActiveCfg = Debug|Any CPU
		{6C5FE71B-1F85-43CF-9A6A-203F9FF94EA4}.Debug|x64.Build.0 = Debug|Any CPU
		{6C5FE71B-1F85-43CF-9A6A-203F9FF94EA4}.Debug|x86.ActiveCfg = Debug|Any CPU
		{6C5FE71B-1F85-43CF-9A6A-203F9FF94EA4}.Debug|x86.Build.0 = Debug|Any CPU
		{6C5FE71B-1F85-43CF-9A6A-203F9FF94EA4}.Release|Any CPU.ActiveCfg = Release|Any CPU
		{6C5FE71B-1F85-43CF-9A6A-203F9FF94EA4}.Release|Any CPU.Build.0 = Release|Any CPU
		{6C5FE71B-1F85-43CF-9A6A-203F9FF94EA4}.Release|x64.ActiveCfg = Release|Any CPU
		{6C5FE71B-1F85-43CF-9A6A-203F9FF94EA4}.Release|x64.Build.0 = Release|Any CPU
		{6C5FE71B-1F85-43CF-9A6A-203F9FF94EA4}.Release|x86.ActiveCfg = Release|Any CPU
		{6C5FE71B-1F85-43CF-9A6A-203F9FF94EA4}.Release|x86.Build.0 = Release|Any CPU
	EndGlobalSection
	GlobalSection(SolutionProperties) = preSolution
		HideSolutionNode = FALSE
	EndGlobalSection
	GlobalSection(NestedProjects) = preSolution
		{9277C1CC-6498-4E53-B274-E033E0088934} = {827E0CD3-B72D-47B6-A68D-7590B98EB39B}
		{4F5105F6-404E-4468-A622-B24CF1A291F5} = {827E0CD3-B72D-47B6-A68D-7590B98EB39B}
		{ADD11446-F7E3-4B82-A2DB-0366FC833969} = {827E0CD3-B72D-47B6-A68D-7590B98EB39B}
		{141A291A-B22B-4DDC-90C6-095BEB42F807} = {827E0CD3-B72D-47B6-A68D-7590B98EB39B}
		{6C5FE71B-1F85-43CF-9A6A-203F9FF94EA4} = {827E0CD3-B72D-47B6-A68D-7590B98EB39B}
	EndGlobalSection
EndGlobal
